
Microsoft Visual Studio Solution File, Format Version 12.00
# Visual Studio 15
VisualStudioVersion = 15.0.27428.2043
MinimumVisualStudioVersion = 10.0.40219.1
Project("{FAE04EC0-301F-11D3-BF4B-00C04F79EFBC}") = "dateTimeExercise", "dateTimeExercise\dateTimeExercise.csproj", "{40F01EA8-537F-4C7E-BB7D-8D0513783D5F}"
EndProject
Global
	GlobalSection(SolutionConfigurationPlatforms) = preSolution
		Debug|Any CPU = Debug|Any CPU
		Release|Any CPU = Release|Any CPU
	EndGlobalSection
	GlobalSection(ProjectConfigurationPlatforms) = postSolution
		{40F01EA8-537F-4C7E-BB7D-8D0513783D5F}.Debug|Any CPU.ActiveCfg = Debug|Any CPU
		{40F01EA8-537F-4C7E-BB7D-8D0513783D5F}.Debug|Any CPU.Build.0 = Debug|Any CPU
		{40F01EA8-537F-4C7E-BB7D-8D0513783D5F}.Release|Any CPU.ActiveCfg = Release|Any CPU
		{40F01EA8-537F-4C7E-BB7D-8D0513783D5F}.Release|Any CPU.Build.0 = Release|Any CPU
	EndGlobalSection
	GlobalSection(SolutionProperties) = preSolution
		HideSolutionNode = FALSE
	EndGlobalSection
	GlobalSection(ExtensibilityGlobals) = postSolution
		SolutionGuid = {530818B6-7A8E-40AD-A864-65FEA16B700A}
	EndGlobalSection
EndGlobal
